
Microsoft Visual Studio Solution File, Format Version 12.00
# Visual Studio Version 17
VisualStudioVersion = 17.8.0.0
MinimumVisualStudioVersion = 17.8.0.0
Project("{9A19103F-16F7-4668-BE54-9A1E7A4F7556}") = "UTB.Minute.AppHost", "UTB.Minute.AppHost\UTB.Minute.AppHost.csproj", "{64DFB593-0656-48AC-AE5F-A014D1C733B6}"
EndProject
Project("{9A19103F-16F7-4668-BE54-9A1E7A4F7556}") = "UTB.Minute.ServiceDefaults", "UTB.Minute.ServiceDefaults\UTB.Minute.ServiceDefaults.csproj", "{563E7DB4-AEC7-4C15-8CED-E3B440879B5D}"
EndProject
Project("{9A19103F-16F7-4668-BE54-9A1E7A4F7556}") = "UTB.Minute.ApiService", "UTB.Minute.ApiService\UTB.Minute.ApiService.csproj", "{792F79E8-09C5-4D8D-93D2-EE72783783A4}"
EndProject
Project("{9A19103F-16F7-4668-BE54-9A1E7A4F7556}") = "UTB.Minute.Web", "UTB.Minute.Web\UTB.Minute.Web.csproj", "{266E3DC2-247C-4F74-A2C8-4982A9B82F22}"
EndProject
Project("{FAE04EC0-301F-11D3-BF4B-00C04F79EFBC}") = "UTB.Minute.Db", "UTB.Minute.Db\UTB.Minute.Db.csproj", "{416A69F8-68E4-457C-A876-36BA1C6B1610}"
EndProject
Project("{FAE04EC0-301F-11D3-BF4B-00C04F79EFBC}") = "UTB.Minute.Contracts", "UTB.Minute.Contracts\UTB.Minute.Contracts.csproj", "{FBAE8CC5-3BFA-4E2A-B8FF-BE8FDFFF3777}"
EndProject
Project("{FAE04EC0-301F-11D3-BF4B-00C04F79EFBC}") = "UTB.Minute.DbManager", "UTB.Minute.DbManager\UTB.Minute.DbManager.csproj", "{95A423D3-D009-4ABE-8F2F-3EECB4D77F67}"
EndProject
Project("{FAE04EC0-301F-11D3-BF4B-00C04F79EFBC}") = "UTB.Minute.WebApi", "UTB.Minute.WebApi\UTB.Minute.WebApi.csproj", "{36AC3159-0B4A-4E88-92DC-7738B6040D2B}"
EndProject
Project("{FAE04EC0-301F-11D3-BF4B-00C04F79EFBC}") = "UTB.Minute.WebApi.Tests", "UTB.Minute.WebApi.Tests\UTB.Minute.WebApi.Tests.csproj", "{427D00D0-0AC7-4A12-96A3-4933D117AEBC}"
EndProject
Project("{FAE04EC0-301F-11D3-BF4B-00C04F79EFBC}") = "UTB.Minute.AdminClient", "UTB.Minute.AdminClient\UTB.Minute.AdminClient.csproj", "{2A59CEA4-DF9F-4072-93D6-17DDEDB43E7B}"
EndProject
Global
	GlobalSection(SolutionConfigurationPlatforms) = preSolution
		Debug|Any CPU = Debug|Any CPU
		Debug|x64 = Debug|x64
		Debug|x86 = Debug|x86
		Release|Any CPU = Release|Any CPU
		Release|x64 = Release|x64
		Release|x86 = Release|x86
	EndGlobalSection
	GlobalSection(ProjectConfigurationPlatforms) = postSolution
		{64DFB593-0656-48AC-AE5F-A014D1C733B6}.Debug|Any CPU.ActiveCfg = Debug|Any CPU
		{64DFB593-0656-48AC-AE5F-A014D1C733B6}.Debug|Any CPU.Build.0 = Debug|Any CPU
		{64DFB593-0656-48AC-AE5F-A014D1C733B6}.Debug|x64.ActiveCfg = Debug|Any CPU
		{64DFB593-0656-48AC-AE5F-A014D1C733B6}.Debug|x64.Build.0 = Debug|Any CPU
		{64DFB593-0656-48AC-AE5F-A014D1C733B6}.Debug|x86.ActiveCfg = Debug|Any CPU
		{64DFB593-0656-48AC-AE5F-A014D1C733B6}.Debug|x86.Build.0 = Debug|Any CPU
		{64DFB593-0656-48AC-AE5F-A014D1C733B6}.Release|Any CPU.ActiveCfg = Release|Any CPU
		{64DFB593-0656-48AC-AE5F-A014D1C733B6}.Release|Any CPU.Build.0 = Release|Any CPU
		{64DFB593-0656-48AC-AE5F-A014D1C733B6}.Release|x64.ActiveCfg = Release|Any CPU
		{64DFB593-0656-48AC-AE5F-A014D1C733B6}.Release|x64.Build.0 = Release|Any CPU
		{64DFB593-0656-48AC-AE5F-A014D1C733B6}.Release|x86.ActiveCfg = Release|Any CPU
		{64DFB593-0656-48AC-AE5F-A014D1C733B6}.Release|x86.Build.0 = Release|Any CPU
		{563E7DB4-AEC7-4C15-8CED-E3B440879B5D}.Debug|Any CPU.ActiveCfg = Debug|Any CPU
		{563E7DB4-AEC7-4C15-8CED-E3B440879B5D}.Debug|Any CPU.Build.0 = Debug|Any CPU
		{563E7DB4-AEC7-4C15-8CED-E3B440879B5D}.Debug|x64.ActiveCfg = Debug|Any CPU
		{563E7DB4-AEC7-4C15-8CED-E3B440879B5D}.Debug|x64.Build.0 = Debug|Any CPU
		{563E7DB4-AEC7-4C15-8CED-E3B440879B5D}.Debug|x86.ActiveCfg = Debug|Any CPU
		{563E7DB4-AEC7-4C15-8CED-E3B440879B5D}.Debug|x86.Build.0 = Debug|Any CPU
		{563E7DB4-AEC7-4C15-8CED-E3B440879B5D}.Release|Any CPU.ActiveCfg = Release|Any CPU
		{563E7DB4-AEC7-4C15-8CED-E3B440879B5D}.Release|Any CPU.Build.0 = Release|Any CPU
		{563E7DB4-AEC7-4C15-8CED-E3B440879B5D}.Release|x64.ActiveCfg = Release|Any CPU
		{563E7DB4-AEC7-4C15-8CED-E3B440879B5D}.Release|x64.Build.0 = Release|Any CPU
		{563E7DB4-AEC7-4C15-8CED-E3B440879B5D}.Release|x86.ActiveCfg = Release|Any CPU
		{563E7DB4-AEC7-4C15-8CED-E3B440879B5D}.Release|x86.Build.0 = Release|Any CPU
		{792F79E8-09C5-4D8D-93D2-EE72783783A4}.Debug|Any CPU.ActiveCfg = Debug|Any CPU
		{792F79E8-09C5-4D8D-93D2-EE72783783A4}.Debug|Any CPU.Build.0 = Debug|Any CPU
		{792F79E8-09C5-4D8D-93D2-EE72783783A4}.Debug|x64.ActiveCfg = Debug|Any CPU
		{792F79E8-09C5-4D8D-93D2-EE72783783A4}.Debug|x64.Build.0 = Debug|Any CPU
		{792F79E8-09C5-4D8D-93D2-EE72783783A4}.Debug|x86.ActiveCfg = Debug|Any CPU
		{792F79E8-09C5-4D8D-93D2-EE72783783A4}.Debug|x86.Build.0 = Debug|Any CPU
		{792F79E8-09C5-4D8D-93D2-EE72783783A4}.Release|Any CPU.ActiveCfg = Release|Any CPU
		{792F79E8-09C5-4D8D-93D2-EE72783783A4}.Release|Any CPU.Build.0 = Release|Any CPU
		{792F79E8-09C5-4D8D-93D2-EE72783783A4}.Release|x64.ActiveCfg = Release|Any CPU
		{792F79E8-09C5-4D8D-93D2-EE72783783A4}.Release|x64.Build.0 = Release|Any CPU
		{792F79E8-09C5-4D8D-93D2-EE72783783A4}.Release|x86.ActiveCfg = Release|Any CPU
		{792F79E8-09C5-4D8D-93D2-EE72783783A4}.Release|x86.Build.0 = Release|Any CPU
		{266E3DC2-247C-4F74-A2C8-4982A9B82F22}.Debug|Any CPU.ActiveCfg = Debug|Any CPU
		{266E3DC2-247C-4F74-A2C8-4982A9B82F22}.Debug|Any CPU.Build.0 = Debug|Any CPU
		{266E3DC2-247C-4F74-A2C8-4982A9B82F22}.Debug|x64.ActiveCfg = Debug|Any CPU
		{266E3DC2-247C-4F74-A2C8-4982A9B82F22}.Debug|x64.Build.0 = Debug|Any CPU
		{266E3DC2-247C-4F74-A2C8-4982A9B82F22}.Debug|x86.ActiveCfg = Debug|Any CPU
		{266E3DC2-247C-4F74-A2C8-4982A9B82F22}.Debug|x86.Build.0 = Debug|Any CPU
		{266E3DC2-247C-4F74-A2C8-4982A9B82F22}.Release|Any CPU.ActiveCfg = Release|Any CPU
		{266E3DC2-247C-4F74-A2C8-4982A9B82F22}.Release|Any CPU.Build.0 = Release|Any CPU
		{266E3DC2-247C-4F74-A2C8-4982A9B82F22}.Release|x64.ActiveCfg = Release|Any CPU
		{266E3DC2-247C-4F74-A2C8-4982A9B82F22}.Release|x64.Build.0 = Release|Any CPU
		{266E3DC2-247C-4F74-A2C8-4982A9B82F22}.Release|x86.ActiveCfg = Release|Any CPU
		{266E3DC2-247C-4F74-A2C8-4982A9B82F22}.Release|x86.Build.0 = Release|Any CPU
		{416A69F8-68E4-457C-A876-36BA1C6B1610}.Debug|Any CPU.ActiveCfg = Debug|Any CPU
		{416A69F8-68E4-457C-A876-36BA1C6B1610}.Debug|Any CPU.Build.0 = Debug|Any CPU
		{416A69F8-68E4-457C-A876-36BA1C6B1610}.Debug|x64.ActiveCfg = Debug|Any CPU
		{416A69F8-68E4-457C-A876-36BA1C6B1610}.Debug|x64.Build.0 = Debug|Any CPU
		{416A69F8-68E4-457C-A876-36BA1C6B1610}.Debug|x86.ActiveCfg = Debug|Any CPU
		{416A69F8-68E4-457C-A876-36BA1C6B1610}.Debug|x86.Build.0 = Debug|Any CPU
		{416A69F8-68E4-457C-A876-36BA1C6B1610}.Release|Any CPU.ActiveCfg = Release|Any CPU
		{416A69F8-68E4-457C-A876-36BA1C6B1610}.Release|Any CPU.Build.0 = Release|Any CPU
		{416A69F8-68E4-457C-A876-36BA1C6B1610}.Release|x64.ActiveCfg = Release|Any CPU
		{416A69F8-68E4-457C-A876-36BA1C6B1610}.Release|x64.Build.0 = Release|Any CPU
		{416A69F8-68E4-457C-A876-36BA1C6B1610}.Release|x86.ActiveCfg = Release|Any CPU
		{416A69F8-68E4-457C-A876-36BA1C6B1610}.Release|x86.Build.0 = Release|Any CPU
		{FBAE8CC5-3BFA-4E2A-B8FF-BE8FDFFF3777}.Debug|Any CPU.ActiveCfg = Debug|Any CPU
		{FBAE8CC5-3BFA-4E2A-B8FF-BE8FDFFF3777}.Debug|Any CPU.Build.0 = Debug|Any CPU
		{FBAE8CC5-3BFA-4E2A-B8FF-BE8FDFFF3777}.Debug|x64.ActiveCfg = Debug|Any CPU
		{FBAE8CC5-3BFA-4E2A-B8FF-BE8FDFFF3777}.Debug|x64.Build.0 = Debug|Any CPU
		{FBAE8CC5-3BFA-4E2A-B8FF-BE8FDFFF3777}.Debug|x86.ActiveCfg = Debug|Any CPU
		{FBAE8CC5-3BFA-4E2A-B8FF-BE8FDFFF3777}.Debug|x86.Build.0 = Debug|Any CPU
		{FBAE8CC5-3BFA-4E2A-B8FF-BE8FDFFF3777}.Release|Any CPU.ActiveCfg = Release|Any CPU
		{FBAE8CC5-3BFA-4E2A-B8FF-BE8FDFFF3777}.Release|Any CPU.Build.0 = Release|Any CPU
		{FBAE8CC5-3BFA-4E2A-B8FF-BE8FDFFF3777}.Release|x64.ActiveCfg = Release|Any CPU
		{FBAE8CC5-3BFA-4E2A-B8FF-BE8FDFFF3777}.Release|x64.Build.0 = Release|Any CPU
		{FBAE8CC5-3BFA-4E2A-B8FF-BE8FDFFF3777}.Release|x86.ActiveCfg = Release|Any CPU
		{FBAE8CC5-3BFA-4E2A-B8FF-BE8FDFFF3777}.Release|x86.Build.0 = Release|Any CPU
		{95A423D3-D009-4ABE-8F2F-3EECB4D77F67}.Debug|Any CPU.ActiveCfg = Debug|Any CPU
		{95A423D3-D009-4ABE-8F2F-3EECB4D77F67}.Debug|Any CPU.Build.0 = Debug|Any CPU
		{95A423D3-D009-4ABE-8F2F-3EECB4D77F67}.Debug|x64.ActiveCfg = Debug|Any CPU
		{95A423D3-D009-4ABE-8F2F-3EECB4D77F67}.Debug|x64.Build.0 = Debug|Any CPU
		{95A423D3-D009-4ABE-8F2F-3EECB4D77F67}.Debug|x86.ActiveCfg = Debug|Any CPU
		{95A423D3-D009-4ABE-8F2F-3EECB4D77F67}.Debug|x86.Build.0 = Debug|Any CPU
		{95A423D3-D009-4ABE-8F2F-3EECB4D77F67}.Release|Any CPU.ActiveCfg = Release|Any CPU
		{95A423D3-D009-4ABE-8F2F-3EECB4D77F67}.Release|Any CPU.Build.0 = Release|Any CPU
		{95A423D3-D009-4ABE-8F2F-3EECB4D77F67}.Release|x64.ActiveCfg = Release|Any CPU
		{95A423D3-D009-4ABE-8F2F-3EECB4D77F67}.Release|x64.Build.0 = Release|Any CPU
		{95A423D3-D009-4ABE-8F2F-3EECB4D77F67}.Release|x86.ActiveCfg = Release|Any CPU
		{95A423D3-D009-4ABE-8F2F-3EECB4D77F67}.Release|x86.Build.0 = Release|Any CPU
		{36AC3159-0B4A-4E88-92DC-7738B6040D2B}.Debug|Any CPU.ActiveCfg = Debug|Any CPU
		{36AC3159-0B4A-4E88-92DC-7738B6040D2B}.Debug|Any CPU.Build.0 = Debug|Any CPU
		{36AC3159-0B4A-4E88-92DC-7738B6040D2B}.Debug|x64.ActiveCfg = Debug|Any CPU
		{36AC3159-0B4A-4E88-92DC-7738B6040D2B}.Debug|x64.Build.0 = Debug|Any CPU
		{36AC3159-0B4A-4E88-92DC-7738B6040D2B}.Debug|x86.ActiveCfg = Debug|Any CPU
		{36AC3159-0B4A-4E88-92DC-7738B6040D2B}.Debug|x86.Build.0 = Debug|Any CPU
		{36AC3159-0B4A-4E88-92DC-7738B6040D2B}.Release|Any CPU.ActiveCfg = Release|Any CPU
		{36AC3159-0B4A-4E88-92DC-7738B6040D2B}.Release|Any CPU.Build.0 = Release|Any CPU
		{36AC3159-0B4A-4E88-92DC-7738B6040D2B}.Release|x64.ActiveCfg = Release|Any CPU
		{36AC3159-0B4A-4E88-92DC-7738B6040D2B}.Release|x64.Build.0 = Release|Any CPU
		{36AC3159-0B4A-4E88-92DC-7738B6040D2B}.Release|x86.ActiveCfg = Release|Any CPU
		{36AC3159-0B4A-4E88-92DC-7738B6040D2B}.Release|x86.Build.0 = Release|Any CPU
		{427D00D0-0AC7-4A12-96A3-4933D117AEBC}.Debug|Any CPU.ActiveCfg = Debug|Any CPU
		{427D00D0-0AC7-4A12-96A3-4933D117AEBC}.Debug|Any CPU.Build.0 = Debug|Any CPU
		{427D00D0-0AC7-4A12-96A3-4933D117AEBC}.Debug|x64.ActiveCfg = Debug|Any CPU
		{427D00D0-0AC7-4A12-96A3-4933D117AEBC}.Debug|x64.Build.0 = Debug|Any CPU
		{427D00D0-0AC7-4A12-96A3-4933D117AEBC}.Debug|x86.ActiveCfg = Debug|Any CPU
		{427D00D0-0AC7-4A12-96A3-4933D117AEBC}.Debug|x86.Build.0 = Debug|Any CPU
		{427D00D0-0AC7-4A12-96A3-4933D117AEBC}.Release|Any CPU.ActiveCfg = Release|Any CPU
		{427D00D0-0AC7-4A12-96A3-4933D117AEBC}.Release|Any CPU.Build.0 = Release|Any CPU
		{427D00D0-0AC7-4A12-96A3-4933D117AEBC}.Release|x64.ActiveCfg = Release|Any CPU
		{427D00D0-0AC7-4A12-96A3-4933D117AEBC}.Release|x64.Build.0 = Release|Any CPU
		{427D00D0-0AC7-4A12-96A3-4933D117AEBC}.Release|x86.ActiveCfg = Release|Any CPU
		{427D00D0-0AC7-4A12-96A3-4933D117AEBC}.Release|x86.Build.0 = Release|Any CPU
		{2A59CEA4-DF9F-4072-93D6-17DDEDB43E7B}.Debug|Any CPU.ActiveCfg = Debug|Any CPU
		{2A59CEA4-DF9F-4072-93D6-17DDEDB43E7B}.Debug|Any CPU.Build.0 = Debug|Any CPU
		{2A59CEA4-DF9F-4072-93D6-17DDEDB43E7B}.Debug|x64.ActiveCfg = Debug|Any CPU
		{2A59CEA4-DF9F-4072-93D6-17DDEDB43E7B}.Debug|x64.Build.0 = Debug|Any CPU
		{2A59CEA4-DF9F-4072-93D6-17DDEDB43E7B}.Debug|x86.ActiveCfg = Debug|Any CPU
		{2A59CEA4-DF9F-4072-93D6-17DDEDB43E7B}.Debug|x86.Build.0 = Debug|Any CPU
		{2A59CEA4-DF9F-4072-93D6-17DDEDB43E7B}.Release|Any CPU.ActiveCfg = Release|Any CPU
		{2A59CEA4-DF9F-4072-93D6-17DDEDB43E7B}.Release|Any CPU.Build.0 = Release|Any CPU
		{2A59CEA4-DF9F-4072-93D6-17DDEDB43E7B}.Release|x64.ActiveCfg = Release|Any CPU
		{2A59CEA4-DF9F-4072-93D6-17DDEDB43E7B}.Release|x64.Build.0 = Release|Any CPU
		{2A59CEA4-DF9F-4072-93D6-17DDEDB43E7B}.Release|x86.ActiveCfg = Release|Any CPU
		{2A59CEA4-DF9F-4072-93D6-17DDEDB43E7B}.Release|x86.Build.0 = Release|Any CPU
	EndGlobalSection
	GlobalSection(SolutionProperties) = preSolution
		HideSolutionNode = FALSE
	EndGlobalSection
	GlobalSection(ExtensibilityGlobals) = postSolution
		SolutionGuid = {76453538-D3D4-4A96-8C98-354E0738663A}
	EndGlobalSection
EndGlobal
